// !$*UTF8*$!
{
	archiveVersion = 1;
	classes = {
	};
	objectVersion = 50;
	objects = {

/* Begin PBXBuildFile section */
		C6A8237E222C13AC00F6A93D /* AppDelegate.swift in Sources */ = {isa = PBXBuildFile; fileRef = C6A8237D222C13AC00F6A93D /* AppDelegate.swift */; };
		C6A82380222C13AC00F6A93D /* ViewController.swift in Sources */ = {isa = PBXBuildFile; fileRef = C6A8237F222C13AC00F6A93D /* ViewController.swift */; };
		C6A82383222C13AC00F6A93D /* Main.storyboard in Resources */ = {isa = PBXBuildFile; fileRef = C6A82381222C13AC00F6A93D /* Main.storyboard */; };
		C6A82386222C13AC00F6A93D /* HitList.xcdatamodeld in Sources */ = {isa = PBXBuildFile; fileRef = C6A82384222C13AC00F6A93D /* HitList.xcdatamodeld */; };
		C6A82388222C13AD00F6A93D /* Assets.xcassets in Resources */ = {isa = PBXBuildFile; fileRef = C6A82387222C13AD00F6A93D /* Assets.xcassets */; };
		C6A8238B222C13AD00F6A93D /* LaunchScreen.storyboard in Resources */ = {isa = PBXBuildFile; fileRef = C6A82389222C13AD00F6A93D /* LaunchScreen.storyboard */; };
		C6B0D351222E7E6800A995DA /* AppDelegate+CoreData.swift in Sources */ = {isa = PBXBuildFile; fileRef = C6B0D350222E7E6800A995DA /* AppDelegate+CoreData.swift */; };
		C6CCA0F422300EA300702BDC /* HitListTests.swift in Sources */ = {isa = PBXBuildFile; fileRef = C6CCA0F322300EA300702BDC /* HitListTests.swift */; };
/* End PBXBuildFile section */

/* Begin PBXContainerItemProxy section */
		C6CCA0F622300EA300702BDC /* PBXContainerItemProxy */ = {
			isa = PBXContainerItemProxy;
			containerPortal = C6A82372222C13AC00F6A93D /* Project object */;
			proxyType = 1;
			remoteGlobalIDString = C6A82379222C13AC00F6A93D;
			remoteInfo = HitList;
		};
/* End PBXContainerItemProxy section */

/* Begin PBXFileReference section */
		C6A8237A222C13AC00F6A93D /* HitList.app */ = {isa = PBXFileReference; explicitFileType = wrapper.application; includeInIndex = 0; path = HitList.app; sourceTree = BUILT_PRODUCTS_DIR; };
		C6A8237D222C13AC00F6A93D /* AppDelegate.swift */ = {isa = PBXFileReference; lastKnownFileType = sourcecode.swift; path = AppDelegate.swift; sourceTree = "<group>"; };
		C6A8237F222C13AC00F6A93D /* ViewController.swift */ = {isa = PBXFileReference; lastKnownFileType = sourcecode.swift; path = ViewController.swift; sourceTree = "<group>"; };
		C6A82382222C13AC00F6A93D /* Base */ = {isa = PBXFileReference; lastKnownFileType = file.storyboard; name = Base; path = Base.lproj/Main.storyboard; sourceTree = "<group>"; };
		C6A82385222C13AC00F6A93D /* HitList.xcdatamodel */ = {isa = PBXFileReference; lastKnownFileType = wrapper.xcdatamodel; path = HitList.xcdatamodel; sourceTree = "<group>"; };
		C6A82387222C13AD00F6A93D /* Assets.xcassets */ = {isa = PBXFileReference; lastKnownFileType = folder.assetcatalog; path = Assets.xcassets; sourceTree = "<group>"; };
		C6A8238A222C13AD00F6A93D /* Base */ = {isa = PBXFileReference; lastKnownFileType = file.storyboard; name = Base; path = Base.lproj/LaunchScreen.storyboard; sourceTree = "<group>"; };
		C6A8238C222C13AD00F6A93D /* Info.plist */ = {isa = PBXFileReference; lastKnownFileType = text.plist.xml; path = Info.plist; sourceTree = "<group>"; };
		C6B0D350222E7E6800A995DA /* AppDelegate+CoreData.swift */ = {isa = PBXFileReference; lastKnownFileType = sourcecode.swift; path = "AppDelegate+CoreData.swift"; sourceTree = "<group>"; };
		C6B0D352222EB94D00A995DA /* 0.1.xcdatamodel */ = {isa = PBXFileReference; lastKnownFileType = wrapper.xcdatamodel; path = 0.1.xcdatamodel; sourceTree = "<group>"; };
		C6CCA0F122300EA300702BDC /* HitListTests.xctest */ = {isa = PBXFileReference; explicitFileType = wrapper.cfbundle; includeInIndex = 0; path = HitListTests.xctest; sourceTree = BUILT_PRODUCTS_DIR; };
		C6CCA0F322300EA300702BDC /* HitListTests.swift */ = {isa = PBXFileReference; lastKnownFileType = sourcecode.swift; path = HitListTests.swift; sourceTree = "<group>"; };
		C6CCA0F522300EA300702BDC /* Info.plist */ = {isa = PBXFileReference; lastKnownFileType = text.plist.xml; path = Info.plist; sourceTree = "<group>"; };
/* End PBXFileReference section */

/* Begin PBXFrameworksBuildPhase section */
		C6A82377222C13AC00F6A93D /* Frameworks */ = {
			isa = PBXFrameworksBuildPhase;
			buildActionMask = 2147483647;
			files = (
			);
			runOnlyForDeploymentPostprocessing = 0;
		};
		C6CCA0EE22300EA300702BDC /* Frameworks */ = {
			isa = PBXFrameworksBuildPhase;
			buildActionMask = 2147483647;
			files = (
			);
			runOnlyForDeploymentPostprocessing = 0;
		};
/* End PBXFrameworksBuildPhase section */

/* Begin PBXGroup section */
		C6A82371222C13AC00F6A93D = {
			isa = PBXGroup;
			children = (
				C6A8237C222C13AC00F6A93D /* HitList */,
				C6CCA0F222300EA300702BDC /* HitListTests */,
				C6A8237B222C13AC00F6A93D /* Products */,
			);
			sourceTree = "<group>";
		};
		C6A8237B222C13AC00F6A93D /* Products */ = {
			isa = PBXGroup;
			children = (
				C6A8237A222C13AC00F6A93D /* HitList.app */,
				C6CCA0F122300EA300702BDC /* HitListTests.xctest */,
			);
			name = Products;
			sourceTree = "<group>";
		};
		C6A8237C222C13AC00F6A93D /* HitList */ = {
			isa = PBXGroup;
			children = (
				C6A8237D222C13AC00F6A93D /* AppDelegate.swift */,
				C6B0D350222E7E6800A995DA /* AppDelegate+CoreData.swift */,
				C6A8237F222C13AC00F6A93D /* ViewController.swift */,
				C6A82381222C13AC00F6A93D /* Main.storyboard */,
				C6A82387222C13AD00F6A93D /* Assets.xcassets */,
				C6A82389222C13AD00F6A93D /* LaunchScreen.storyboard */,
				C6A8238C222C13AD00F6A93D /* Info.plist */,
				C6A82384222C13AC00F6A93D /* HitList.xcdatamodeld */,
			);
			path = HitList;
			sourceTree = "<group>";
		};
		C6CCA0F222300EA300702BDC /* HitListTests */ = {
			isa = PBXGroup;
			children = (
				C6CCA0F322300EA300702BDC /* HitListTests.swift */,
				C6CCA0F522300EA300702BDC /* Info.plist */,
			);
			path = HitListTests;
			sourceTree = "<group>";
		};
/* End PBXGroup section */

/* Begin PBXNativeTarget section */
		C6A82379222C13AC00F6A93D /* HitList */ = {
			isa = PBXNativeTarget;
			buildConfigurationList = C6A8238F222C13AD00F6A93D /* Build configuration list for PBXNativeTarget "HitList" */;
			buildPhases = (
				C6A82376222C13AC00F6A93D /* Sources */,
				C6A82377222C13AC00F6A93D /* Frameworks */,
				C6A82378222C13AC00F6A93D /* Resources */,
			);
			buildRules = (
			);
			dependencies = (
			);
			name = HitList;
			productName = HitList;
			productReference = C6A8237A222C13AC00F6A93D /* HitList.app */;
			productType = "com.apple.product-type.application";
		};
		C6CCA0F022300EA300702BDC /* HitListTests */ = {
			isa = PBXNativeTarget;
			buildConfigurationList = C6CCA0FA22300EA300702BDC /* Build configuration list for PBXNativeTarget "HitListTests" */;
			buildPhases = (
				C6CCA0ED22300EA300702BDC /* Sources */,
				C6CCA0EE22300EA300702BDC /* Frameworks */,
				C6CCA0EF22300EA300702BDC /* Resources */,
			);
			buildRules = (
			);
			dependencies = (
				C6CCA0F722300EA300702BDC /* PBXTargetDependency */,
			);
			name = HitListTests;
			productName = HitListTests;
			productReference = C6CCA0F122300EA300702BDC /* HitListTests.xctest */;
			productType = "com.apple.product-type.bundle.unit-test";
		};
/* End PBXNativeTarget section */

/* Begin PBXProject section */
		C6A82372222C13AC00F6A93D /* Project object */ = {
			isa = PBXProject;
			attributes = {
				LastSwiftUpdateCheck = 1010;
				LastUpgradeCheck = 1010;
				ORGANIZATIONNAME = "Martin Schnurrenberger, mVISE AG";
				TargetAttributes = {
					C6A82379222C13AC00F6A93D = {
						CreatedOnToolsVersion = 10.1;
					};
					C6CCA0F022300EA300702BDC = {
						CreatedOnToolsVersion = 10.1;
						TestTargetID = C6A82379222C13AC00F6A93D;
					};
				};
			};
			buildConfigurationList = C6A82375222C13AC00F6A93D /* Build configuration list for PBXProject "HitList" */;
			compatibilityVersion = "Xcode 9.3";
			developmentRegion = en;
			hasScannedForEncodings = 0;
			knownRegions = (
				en,
				Base,
			);
			mainGroup = C6A82371222C13AC00F6A93D;
			productRefGroup = C6A8237B222C13AC00F6A93D /* Products */;
			projectDirPath = "";
			projectRoot = "";
			targets = (
				C6A82379222C13AC00F6A93D /* HitList */,
				C6CCA0F022300EA300702BDC /* HitListTests */,
			);
		};
/* End PBXProject section */

/* Begin PBXResourcesBuildPhase section */
		C6A82378222C13AC00F6A93D /* Resources */ = {
			isa = PBXResourcesBuildPhase;
			buildActionMask = 2147483647;
			files = (
				C6A8238B222C13AD00F6A93D /* LaunchScreen.storyboard in Resources */,
				C6A82388222C13AD00F6A93D /* Assets.xcassets in Resources */,
				C6A82383222C13AC00F6A93D /* Main.storyboard in Resources */,
			);
			runOnlyForDeploymentPostprocessing = 0;
		};
		C6CCA0EF22300EA300702BDC /* Resources */ = {
			isa = PBXResourcesBuildPhase;
			buildActionMask = 2147483647;
			files = (
			);
			runOnlyForDeploymentPostprocessing = 0;
		};
/* End PBXResourcesBuildPhase section */

/* Begin PBXSourcesBuildPhase section */
		C6A82376222C13AC00F6A93D /* Sources */ = {
			isa = PBXSourcesBuildPhase;
			buildActionMask = 2147483647;
			files = (
				C6A82386222C13AC00F6A93D /* HitList.xcdatamodeld in Sources */,
				C6A82380222C13AC00F6A93D /* ViewController.swift in Sources */,
				C6A8237E222C13AC00F6A93D /* AppDelegate.swift in Sources */,
				C6B0D351222E7E6800A995DA /* AppDelegate+CoreData.swift in Sources */,
			);
			runOnlyForDeploymentPostprocessing = 0;
		};
		C6CCA0ED22300EA300702BDC /* Sources */ = {
			isa = PBXSourcesBuildPhase;
			buildActionMask = 2147483647;
			files = (
				C6CCA0F422300EA300702BDC /* HitListTests.swift in Sources */,
			);
			runOnlyForDeploymentPostprocessing = 0;
		};
/* End PBXSourcesBuildPhase section */

/* Begin PBXTargetDependency section */
		C6CCA0F722300EA300702BDC /* PBXTargetDependency */ = {
			isa = PBXTargetDependency;
			target = C6A82379222C13AC00F6A93D /* HitList */;
			targetProxy = C6CCA0F622300EA300702BDC /* PBXContainerItemProxy */;
		};
/* End PBXTargetDependency section */

/* Begin PBXVariantGroup section */
		C6A82381222C13AC00F6A93D /* Main.storyboard */ = {
			isa = PBXVariantGroup;
			children = (
				C6A82382222C13AC00F6A93D /* Base */,
			);
			name = Main.storyboard;
			sourceTree = "<group>";
		};
		C6A82389222C13AD00F6A93D /* LaunchScreen.storyboard */ = {
			isa = PBXVariantGroup;
			children = (
				C6A8238A222C13AD00F6A93D /* Base */,
			);
			name = LaunchScreen.storyboard;
			sourceTree = "<group>";
		};
/* End PBXVariantGroup section */

/* Begin XCBuildConfiguration section */
		C6A8238D222C13AD00F6A93D /* Debug */ = {
			isa = XCBuildConfiguration;
			buildSettings = {
				ALWAYS_SEARCH_USER_PATHS = NO;
				CLANG_ANALYZER_NONNULL = YES;
				CLANG_ANALYZER_NUMBER_OBJECT_CONVERSION = YES_AGGRESSIVE;
				CLANG_CXX_LANGUAGE_STANDARD = "gnu++14";
				CLANG_CXX_LIBRARY = "libc++";
				CLANG_ENABLE_MODULES = YES;
				CLANG_ENABLE_OBJC_ARC = YES;
				CLANG_ENABLE_OBJC_WEAK = YES;
				CLANG_WARN_BLOCK_CAPTURE_AUTORELEASING = YES;
				CLANG_WARN_BOOL_CONVERSION = YES;
				CLANG_WARN_COMMA = YES;
				CLANG_WARN_CONSTANT_CONVERSION = YES;
				CLANG_WARN_DEPRECATED_OBJC_IMPLEMENTATIONS = YES;
				CLANG_WARN_DIRECT_OBJC_ISA_USAGE = YES_ERROR;
				CLANG_WARN_DOCUMENTATION_COMMENTS = YES;
				CLANG_WARN_EMPTY_BODY = YES;
				CLANG_WARN_ENUM_CONVERSION = YES;
				CLANG_WARN_INFINITE_RECURSION = YES;
				CLANG_WARN_INT_CONVERSION = YES;
				CLANG_WARN_NON_LITERAL_NULL_CONVERSION = YES;
				CLANG_WARN_OBJC_IMPLICIT_RETAIN_SELF = YES;
				CLANG_WARN_OBJC_LITERAL_CONVERSION = YES;
				CLANG_WARN_OBJC_ROOT_CLASS = YES_ERROR;
				CLANG_WARN_RANGE_LOOP_ANALYSIS = YES;
				CLANG_WARN_STRICT_PROTOTYPES = YES;
				CLANG_WARN_SUSPICIOUS_MOVE = YES;
				CLANG_WARN_UNGUARDED_AVAILABILITY = YES_AGGRESSIVE;
				CLANG_WARN_UNREACHABLE_CODE = YES;
				CLANG_WARN__DUPLICATE_METHOD_MATCH = YES;
				CODE_SIGN_IDENTITY = "iPhone Developer";
				COPY_PHASE_STRIP = NO;
				DEBUG_INFORMATION_FORMAT = dwarf;
				ENABLE_STRICT_OBJC_MSGSEND = YES;
				ENABLE_TESTABILITY = YES;
				GCC_C_LANGUAGE_STANDARD = gnu11;
				GCC_DYNAMIC_NO_PIC = NO;
				GCC_NO_COMMON_BLOCKS = YES;
				GCC_OPTIMIZATION_LEVEL = 0;
				GCC_PREPROCESSOR_DEFINITIONS = (
					"DEBUG=1",
					"$(inherited)",
				);
				GCC_WARN_64_TO_32_BIT_CONVERSION = YES;
				GCC_WARN_ABOUT_RETURN_TYPE = YES_ERROR;
				GCC_WARN_UNDECLARED_SELECTOR = YES;
				GCC_WARN_UNINITIALIZED_AUTOS = YES_AGGRESSIVE;
				GCC_WARN_UNUSED_FUNCTION = YES;
				GCC_WARN_UNUSED_VARIABLE = YES;
				IPHONEOS_DEPLOYMENT_TARGET = 12.0;
				MTL_ENABLE_DEBUG_INFO = INCLUDE_SOURCE;
				MTL_FAST_MATH = YES;
				ONLY_ACTIVE_ARCH = YES;
				SDKROOT = iphoneos;
				SWIFT_ACTIVE_COMPILATION_CONDITIONS = DEBUG;
				SWIFT_OPTIMIZATION_LEVEL = "-Onone";
			};
			name = Debug;
		};
		C6A8238E222C13AD00F6A93D /* Release */ = {
			isa = XCBuildConfiguration;
			buildSettings = {
				ALWAYS_SEARCH_USER_PATHS = NO;
				CLANG_ANALYZER_NONNULL = YES;
				CLANG_ANALYZER_NUMBER_OBJECT_CONVERSION = YES_AGGRESSIVE;
				CLANG_CXX_LANGUAGE_STANDARD = "gnu++14";
				CLANG_CXX_LIBRARY = "libc++";
				CLANG_ENABLE_MODULES = YES;
				CLANG_ENABLE_OBJC_ARC = YES;
				CLANG_ENABLE_OBJC_WEAK = YES;
				CLANG_WARN_BLOCK_CAPTURE_AUTORELEASING = YES;
				CLANG_WARN_BOOL_CONVERSION = YES;
				CLANG_WARN_COMMA = YES;
				CLANG_WARN_CONSTANT_CONVERSION = YES;
				CLANG_WARN_DEPRECATED_OBJC_IMPLEMENTATIONS = YES;
				CLANG_WARN_DIRECT_OBJC_ISA_USAGE = YES_ERROR;
				CLANG_WARN_DOCUMENTATION_COMMENTS = YES;
				CLANG_WARN_EMPTY_BODY = YES;
				CLANG_WARN_ENUM_CONVERSION = YES;
				CLANG_WARN_INFINITE_RECURSION = YES;
				CLANG_WARN_INT_CONVERSION = YES;
				CLANG_WARN_NON_LITERAL_NULL_CONVERSION = YES;
				CLANG_WARN_OBJC_IMPLICIT_RETAIN_SELF = YES;
				CLANG_WARN_OBJC_LITERAL_CONVERSION = YES;
				CLANG_WARN_OBJC_ROOT_CLASS = YES_ERROR;
				CLANG_WARN_RANGE_LOOP_ANALYSIS = YES;
				CLANG_WARN_STRICT_PROTOTYPES = YES;
				CLANG_WARN_SUSPICIOUS_MOVE = YES;
				CLANG_WARN_UNGUARDED_AVAILABILITY = YES_AGGRESSIVE;
				CLANG_WARN_UNREACHABLE_CODE = YES;
				CLANG_WARN__DUPLICATE_METHOD_MATCH = YES;
				CODE_SIGN_IDENTITY = "iPhone Developer";
				COPY_PHASE_STRIP = NO;
				DEBUG_INFORMATION_FORMAT = "dwarf-with-dsym";
				ENABLE_NS_ASSERTIONS = NO;
				ENABLE_STRICT_OBJC_MSGSEND = YES;
				GCC_C_LANGUAGE_STANDARD = gnu11;
				GCC_NO_COMMON_BLOCKS = YES;
				GCC_WARN_64_TO_32_BIT_CONVERSION = YES;
				GCC_WARN_ABOUT_RETURN_TYPE = YES_ERROR;
				GCC_WARN_UNDECLARED_SELECTOR = YES;
				GCC_WARN_UNINITIALIZED_AUTOS = YES_AGGRESSIVE;
				GCC_WARN_UNUSED_FUNCTION = YES;
				GCC_WARN_UNUSED_VARIABLE = YES;
				IPHONEOS_DEPLOYMENT_TARGET = 12.0;
				MTL_ENABLE_DEBUG_INFO = NO;
				MTL_FAST_MATH = YES;
				SDKROOT = iphoneos;
				SWIFT_COMPILATION_MODE = wholemodule;
				SWIFT_OPTIMIZATION_LEVEL = "-O";
				VALIDATE_PRODUCT = YES;
			};
			name = Release;
		};
		C6A82390222C13AD00F6A93D /* Debug */ = {
			isa = XCBuildConfiguration;
			buildSettings = {
				ASSETCATALOG_COMPILER_APPICON_NAME = AppIcon;
				CODE_SIGN_STYLE = Automatic;
				DEVELOPMENT_TEAM = "";
				INFOPLIST_FILE = HitList/Info.plist;
				IPHONEOS_DEPLOYMENT_TARGET = 12.0;
				LD_RUNPATH_SEARCH_PATHS = (
					"$(inherited)",
					"@executable_path/Frameworks",
				);
				PRODUCT_BUNDLE_IDENTIFIER = "de.mvise.people.msch.ios-app.poc.rayw.HitList";
				PRODUCT_NAME = "$(TARGET_NAME)";
				SWIFT_VERSION = 4.2;
				TARGETED_DEVICE_FAMILY = "1,2";
			};
			name = Debug;
		};
		C6A82391222C13AD00F6A93D /* Release */ = {
			isa = XCBuildConfiguration;
			buildSettings = {
				ASSETCATALOG_COMPILER_APPICON_NAME = AppIcon;
				CODE_SIGN_STYLE = Automatic;
				DEVELOPMENT_TEAM = "";
				INFOPLIST_FILE = HitList/Info.plist;
				IPHONEOS_DEPLOYMENT_TARGET = 12.0;
				LD_RUNPATH_SEARCH_PATHS = (
					"$(inherited)",
					"@executable_path/Frameworks",
				);
				PRODUCT_BUNDLE_IDENTIFIER = "de.mvise.people.msch.ios-app.poc.rayw.HitList";
				PRODUCT_NAME = "$(TARGET_NAME)";
				SWIFT_VERSION = 4.2;
				TARGETED_DEVICE_FAMILY = "1,2";
			};
			name = Release;
		};
		C6CCA0F822300EA300702BDC /* Debug */ = {
			isa = XCBuildConfiguration;
			buildSettings = {
				BUNDLE_LOADER = "$(TEST_HOST)";
				CODE_SIGN_STYLE = Automatic;
				DEVELOPMENT_TEAM = RNS97UBN5W;
				INFOPLIST_FILE = HitListTests/Info.plist;
				IPHONEOS_DEPLOYMENT_TARGET = 12.1;
				LD_RUNPATH_SEARCH_PATHS = (
					"$(inherited)",
					"@executable_path/Frameworks",
					"@loader_path/Frameworks",
				);
				PRODUCT_BUNDLE_IDENTIFIER = "de.mvise.people.msch.ios-app.HitListTests";
				PRODUCT_NAME = "$(TARGET_NAME)";
				SWIFT_VERSION = 4.2;
				TARGETED_DEVICE_FAMILY = "1,2";
				TEST_HOST = "$(BUILT_PRODUCTS_DIR)/HitList.app/HitList";
			};
			name = Debug;
		};
		C6CCA0F922300EA300702BDC /* Release */ = {
			isa = XCBuildConfiguration;
			buildSettings = {
				BUNDLE_LOADER = "$(TEST_HOST)";
				CODE_SIGN_STYLE = Automatic;
				DEVELOPMENT_TEAM = RNS97UBN5W;
				INFOPLIST_FILE = HitListTests/Info.plist;
				IPHONEOS_DEPLOYMENT_TARGET = 12.1;
				LD_RUNPATH_SEARCH_PATHS = (
					"$(inherited)",
					"@executable_path/Frameworks",
					"@loader_path/Frameworks",
				);
				PRODUCT_BUNDLE_IDENTIFIER = "de.mvise.people.msch.ios-app.HitListTests";
				PRODUCT_NAME = "$(TARGET_NAME)";
				SWIFT_VERSION = 4.2;
				TARGETED_DEVICE_FAMILY = "1,2";
				TEST_HOST = "$(BUILT_PRODUCTS_DIR)/HitList.app/HitList";
			};
			name = Release;
		};
/* End XCBuildConfiguration section */

/* Begin XCConfigurationList section */
		C6A82375222C13AC00F6A93D /* Build configuration list for PBXProject "HitList" */ = {
			isa = XCConfigurationList;
			buildConfigurations = (
				C6A8238D222C13AD00F6A93D /* Debug */,
				C6A8238E222C13AD00F6A93D /* Release */,
			);
			defaultConfigurationIsVisible = 0;
			defaultConfigurationName = Release;
		};
		C6A8238F222C13AD00F6A93D /* Build configuration list for PBXNativeTarget "HitList" */ = {
			isa = XCConfigurationList;
			buildConfigurations = (
				C6A82390222C13AD00F6A93D /* Debug */,
				C6A82391222C13AD00F6A93D /* Release */,
			);
			defaultConfigurationIsVisible = 0;
			defaultConfigurationName = Release;
		};
		C6CCA0FA22300EA300702BDC /* Build configuration list for PBXNativeTarget "HitListTests" */ = {
			isa = XCConfigurationList;
			buildConfigurations = (
				C6CCA0F822300EA300702BDC /* Debug */,
				C6CCA0F922300EA300702BDC /* Release */,
			);
			defaultConfigurationIsVisible = 0;
			defaultConfigurationName = Release;
		};
/* End XCConfigurationList section */

/* Begin XCVersionGroup section */
		C6A82384222C13AC00F6A93D /* HitList.xcdatamodeld */ = {
			isa = XCVersionGroup;
			children = (
				C6B0D352222EB94D00A995DA /* 0.1.xcdatamodel */,
				C6A82385222C13AC00F6A93D /* HitList.xcdatamodel */,
			);
			currentVersion = C6A82385222C13AC00F6A93D /* HitList.xcdatamodel */;
			path = HitList.xcdatamodeld;
			sourceTree = "<group>";
			versionGroupType = wrapper.xcdatamodel;
		};
/* End XCVersionGroup section */
	};
	rootObject = C6A82372222C13AC00F6A93D /* Project object */;
}
